
Microsoft Visual Studio Solution File, Format Version 12.00
# Visual Studio Version 17
VisualStudioVersion = 17.11.35312.102
MinimumVisualStudioVersion = 10.0.40219.1
Project("{FAE04EC0-301F-11D3-BF4B-00C04F79EFBC}") = "Minibank", "Minibank\Minibank.csproj", "{B2E2572E-592B-46CD-B642-3383F3A8777B}"
EndProject
Global
	GlobalSection(SolutionConfigurationPlatforms) = preSolution
		Debug|Any CPU = Debug|Any CPU
		Release|Any CPU = Release|Any CPU
	EndGlobalSection
	GlobalSection(ProjectConfigurationPlatforms) = postSolution
		{B2E2572E-592B-46CD-B642-3383F3A8777B}.Debug|Any CPU.ActiveCfg = Debug|Any CPU
		{B2E2572E-592B-46CD-B642-3383F3A8777B}.Debug|Any CPU.Build.0 = Debug|Any CPU
		{B2E2572E-592B-46CD-B642-3383F3A8777B}.Release|Any CPU.ActiveCfg = Release|Any CPU
		{B2E2572E-592B-46CD-B642-3383F3A8777B}.Release|Any CPU.Build.0 = Release|Any CPU
	EndGlobalSection
	GlobalSection(SolutionProperties) = preSolution
		HideSolutionNode = FALSE
	EndGlobalSection
	GlobalSection(ExtensibilityGlobals) = postSolution
		SolutionGuid = {384AEBD2-F55F-4B06-9055-2CA797A83C95}
	EndGlobalSection
EndGlobal
